
Microsoft Visual Studio Solution File, Format Version 12.00
# Visual Studio Version 16
VisualStudioVersion = 25.0.1704.2
MinimumVisualStudioVersion = 10.0.40219.1
Project("{FAE04EC0-301F-11D3-BF4B-00C04F79EFBC}") = "La mia pizzeria", "La mia pizzeria\La mia pizzeria.csproj", "{F8B3197A-BE47-441C-9F9E-79B91A50E1E8}"
EndProject
Global
	GlobalSection(SolutionConfigurationPlatforms) = preSolution
		Debug|Any CPU = Debug|Any CPU
		Release|Any CPU = Release|Any CPU
	EndGlobalSection
	GlobalSection(ProjectConfigurationPlatforms) = postSolution
		{F8B3197A-BE47-441C-9F9E-79B91A50E1E8}.Debug|Any CPU.ActiveCfg = Debug|Any CPU
		{F8B3197A-BE47-441C-9F9E-79B91A50E1E8}.Debug|Any CPU.Build.0 = Debug|Any CPU
		{F8B3197A-BE47-441C-9F9E-79B91A50E1E8}.Release|Any CPU.ActiveCfg = Release|Any CPU
		{F8B3197A-BE47-441C-9F9E-79B91A50E1E8}.Release|Any CPU.Build.0 = Release|Any CPU
	EndGlobalSection
	GlobalSection(SolutionProperties) = preSolution
		HideSolutionNode = FALSE
	EndGlobalSection
	GlobalSection(ExtensibilityGlobals) = postSolution
		SolutionGuid = {00389522-9B31-4280-BA0E-94A0411FFB8D}
	EndGlobalSection
EndGlobal
